// !$*UTF8*$!
{
	archiveVersion = 1;
	classes = {
	};
	objectVersion = 77;
	objects = {

/* Begin PBXContainerItemProxy section */
		118658092DB79C8C00E8DE80 /* PBXContainerItemProxy */ = {
			isa = PBXContainerItemProxy;
			containerPortal = 118657EB2DB79C8A00E8DE80 /* Project object */;
			proxyType = 1;
			remoteGlobalIDString = 118657F22DB79C8A00E8DE80;
			remoteInfo = FawakihCompanionApp;
		};
		118658132DB79C8C00E8DE80 /* PBXContainerItemProxy */ = {
			isa = PBXContainerItemProxy;
			containerPortal = 118657EB2DB79C8A00E8DE80 /* Project object */;
			proxyType = 1;
			remoteGlobalIDString = 118657F22DB79C8A00E8DE80;
			remoteInfo = FawakihCompanionApp;
		};
/* End PBXContainerItemProxy section */

/* Begin PBXFileReference section */
		118657F32DB79C8A00E8DE80 /* FawakihCompanionApp.app */ = {isa = PBXFileReference; explicitFileType = wrapper.application; includeInIndex = 0; path = FawakihCompanionApp.app; sourceTree = BUILT_PRODUCTS_DIR; };
		118658082DB79C8C00E8DE80 /* FawakihCompanionAppTests.xctest */ = {isa = PBXFileReference; explicitFileType = wrapper.cfbundle; includeInIndex = 0; path = FawakihCompanionAppTests.xctest; sourceTree = BUILT_PRODUCTS_DIR; };
		118658122DB79C8C00E8DE80 /* FawakihCompanionAppUITests.xctest */ = {isa = PBXFileReference; explicitFileType = wrapper.cfbundle; includeInIndex = 0; path = FawakihCompanionAppUITests.xctest; sourceTree = BUILT_PRODUCTS_DIR; };
/* End PBXFileReference section */

/* Begin PBXFileSystemSynchronizedRootGroup section */
		118657F52DB79C8A00E8DE80 /* FawakihCompanionApp */ = {
			isa = PBXFileSystemSynchronizedRootGroup;
			path = FawakihCompanionApp;
			sourceTree = "<group>";
		};
		1186580B2DB79C8C00E8DE80 /* FawakihCompanionAppTests */ = {
			isa = PBXFileSystemSynchronizedRootGroup;
			path = FawakihCompanionAppTests;
			sourceTree = "<group>";
		};
		118658152DB79C8C00E8DE80 /* FawakihCompanionAppUITests */ = {
			isa = PBXFileSystemSynchronizedRootGroup;
			path = FawakihCompanionAppUITests;
			sourceTree = "<group>";
		};
/* End PBXFileSystemSynchronizedRootGroup section */

/* Begin PBXFrameworksBuildPhase section */
		118657F02DB79C8A00E8DE80 /* Frameworks */ = {
			isa = PBXFrameworksBuildPhase;
			buildActionMask = 2147483647;
			files = (
			);
			runOnlyForDeploymentPostprocessing = 0;
		};
		118658052DB79C8C00E8DE80 /* Frameworks */ = {
			isa = PBXFrameworksBuildPhase;
			buildActionMask = 2147483647;
			files = (
			);
			runOnlyForDeploymentPostprocessing = 0;
		};
		1186580F2DB79C8C00E8DE80 /* Frameworks */ = {
			isa = PBXFrameworksBuildPhase;
			buildActionMask = 2147483647;
			files = (
			);
			runOnlyForDeploymentPostprocessing = 0;
		};
/* End PBXFrameworksBuildPhase section */

/* Begin PBXGroup section */
		118657EA2DB79C8A00E8DE80 = {
			isa = PBXGroup;
			children = (
				118657F52DB79C8A00E8DE80 /* FawakihCompanionApp */,
				1186580B2DB79C8C00E8DE80 /* FawakihCompanionAppTests */,
				118658152DB79C8C00E8DE80 /* FawakihCompanionAppUITests */,
				118657F42DB79C8A00E8DE80 /* Products */,
			);
			sourceTree = "<group>";
		};
		118657F42DB79C8A00E8DE80 /* Products */ = {
			isa = PBXGroup;
			children = (
				118657F32DB79C8A00E8DE80 /* FawakihCompanionApp.app */,
				118658082DB79C8C00E8DE80 /* FawakihCompanionAppTests.xctest */,
				118658122DB79C8C00E8DE80 /* FawakihCompanionAppUITests.xctest */,
			);
			name = Products;
			sourceTree = "<group>";
		};
/* End PBXGroup section */

/* Begin PBXNativeTarget section */
		118657F22DB79C8A00E8DE80 /* FawakihCompanionApp */ = {
			isa = PBXNativeTarget;
			buildConfigurationList = 1186581C2DB79C8C00E8DE80 /* Build configuration list for PBXNativeTarget "FawakihCompanionApp" */;
			buildPhases = (
				118657EF2DB79C8A00E8DE80 /* Sources */,
				118657F02DB79C8A00E8DE80 /* Frameworks */,
				118657F12DB79C8A00E8DE80 /* Resources */,
			);
			buildRules = (
			);
			dependencies = (
			);
			fileSystemSynchronizedGroups = (
				118657F52DB79C8A00E8DE80 /* FawakihCompanionApp */,
			);
			name = FawakihCompanionApp;
			packageProductDependencies = (
			);
			productName = FawakihCompanionApp;
			productReference = 118657F32DB79C8A00E8DE80 /* FawakihCompanionApp.app */;
			productType = "com.apple.product-type.application";
		};
		118658072DB79C8C00E8DE80 /* FawakihCompanionAppTests */ = {
			isa = PBXNativeTarget;
			buildConfigurationList = 1186581F2DB79C8C00E8DE80 /* Build configuration list for PBXNativeTarget "FawakihCompanionAppTests" */;
			buildPhases = (
				118658042DB79C8C00E8DE80 /* Sources */,
				118658052DB79C8C00E8DE80 /* Frameworks */,
				118658062DB79C8C00E8DE80 /* Resources */,
			);
			buildRules = (
			);
			dependencies = (
				1186580A2DB79C8C00E8DE80 /* PBXTargetDependency */,
			);
			fileSystemSynchronizedGroups = (
				1186580B2DB79C8C00E8DE80 /* FawakihCompanionAppTests */,
			);
			name = FawakihCompanionAppTests;
			packageProductDependencies = (
			);
			productName = FawakihCompanionAppTests;
			productReference = 118658082DB79C8C00E8DE80 /* FawakihCompanionAppTests.xctest */;
			productType = "com.apple.product-type.bundle.unit-test";
		};
		118658112DB79C8C00E8DE80 /* FawakihCompanionAppUITests */ = {
			isa = PBXNativeTarget;
			buildConfigurationList = 118658222DB79C8C00E8DE80 /* Build configuration list for PBXNativeTarget "FawakihCompanionAppUITests" */;
			buildPhases = (
				1186580E2DB79C8C00E8DE80 /* Sources */,
				1186580F2DB79C8C00E8DE80 /* Frameworks */,
				118658102DB79C8C00E8DE80 /* Resources */,
			);
			buildRules = (
			);
			dependencies = (
				118658142DB79C8C00E8DE80 /* PBXTargetDependency */,
			);
			fileSystemSynchronizedGroups = (
				118658152DB79C8C00E8DE80 /* FawakihCompanionAppUITests */,
			);
			name = FawakihCompanionAppUITests;
			packageProductDependencies = (
			);
			productName = FawakihCompanionAppUITests;
			productReference = 118658122DB79C8C00E8DE80 /* FawakihCompanionAppUITests.xctest */;
			productType = "com.apple.product-type.bundle.ui-testing";
		};
/* End PBXNativeTarget section */

/* Begin PBXProject section */
		118657EB2DB79C8A00E8DE80 /* Project object */ = {
			isa = PBXProject;
			attributes = {
				BuildIndependentTargetsInParallel = 1;
				LastSwiftUpdateCheck = 1610;
				LastUpgradeCheck = 1610;
				TargetAttributes = {
					118657F22DB79C8A00E8DE80 = {
						CreatedOnToolsVersion = 16.1;
					};
					118658072DB79C8C00E8DE80 = {
						CreatedOnToolsVersion = 16.1;
						TestTargetID = 118657F22DB79C8A00E8DE80;
					};
					118658112DB79C8C00E8DE80 = {
						CreatedOnToolsVersion = 16.1;
						TestTargetID = 118657F22DB79C8A00E8DE80;
					};
				};
			};
			buildConfigurationList = 118657EE2DB79C8A00E8DE80 /* Build configuration list for PBXProject "FawakihCompanionApp" */;
			developmentRegion = en;
			hasScannedForEncodings = 0;
			knownRegions = (
				en,
				Base,
			);
			mainGroup = 118657EA2DB79C8A00E8DE80;
			minimizedProjectReferenceProxies = 1;
			preferredProjectObjectVersion = 77;
			productRefGroup = 118657F42DB79C8A00E8DE80 /* Products */;
			projectDirPath = "";
			projectRoot = "";
			targets = (
				118657F22DB79C8A00E8DE80 /* FawakihCompanionApp */,
				118658072DB79C8C00E8DE80 /* FawakihCompanionAppTests */,
				118658112DB79C8C00E8DE80 /* FawakihCompanionAppUITests */,
			);
		};
/* End PBXProject section */

/* Begin PBXResourcesBuildPhase section */
		118657F12DB79C8A00E8DE80 /* Resources */ = {
			isa = PBXResourcesBuildPhase;
			buildActionMask = 2147483647;
			files = (
			);
			runOnlyForDeploymentPostprocessing = 0;
		};
		118658062DB79C8C00E8DE80 /* Resources */ = {
			isa = PBXResourcesBuildPhase;
			buildActionMask = 2147483647;
			files = (
			);
			runOnlyForDeploymentPostprocessing = 0;
		};
		118658102DB79C8C00E8DE80 /* Resources */ = {
			isa = PBXResourcesBuildPhase;
			buildActionMask = 2147483647;
			files = (
			);
			runOnlyForDeploymentPostprocessing = 0;
		};
/* End PBXResourcesBuildPhase section */

/* Begin PBXSourcesBuildPhase section */
		118657EF2DB79C8A00E8DE80 /* Sources */ = {
			isa = PBXSourcesBuildPhase;
			buildActionMask = 2147483647;
			files = (
			);
			runOnlyForDeploymentPostprocessing = 0;
		};
		118658042DB79C8C00E8DE80 /* Sources */ = {
			isa = PBXSourcesBuildPhase;
			buildActionMask = 2147483647;
			files = (
			);
			runOnlyForDeploymentPostprocessing = 0;
		};
		1186580E2DB79C8C00E8DE80 /* Sources */ = {
			isa = PBXSourcesBuildPhase;
			buildActionMask = 2147483647;
			files = (
			);
			runOnlyForDeploymentPostprocessing = 0;
		};
/* End PBXSourcesBuildPhase section */

/* Begin PBXTargetDependency section */
		1186580A2DB79C8C00E8DE80 /* PBXTargetDependency */ = {
			isa = PBXTargetDependency;
			target = 118657F22DB79C8A00E8DE80 /* FawakihCompanionApp */;
			targetProxy = 118658092DB79C8C00E8DE80 /* PBXContainerItemProxy */;
		};
		118658142DB79C8C00E8DE80 /* PBXTargetDependency */ = {
			isa = PBXTargetDependency;
			target = 118657F22DB79C8A00E8DE80 /* FawakihCompanionApp */;
			targetProxy = 118658132DB79C8C00E8DE80 /* PBXContainerItemProxy */;
		};
/* End PBXTargetDependency section */

/* Begin XCBuildConfiguration section */
		1186581A2DB79C8C00E8DE80 /* Debug */ = {
			isa = XCBuildConfiguration;
			buildSettings = {
				ALWAYS_SEARCH_USER_PATHS = NO;
				ASSETCATALOG_COMPILER_GENERATE_SWIFT_ASSET_SYMBOL_EXTENSIONS = YES;
				CLANG_ANALYZER_NONNULL = YES;
				CLANG_ANALYZER_NUMBER_OBJECT_CONVERSION = YES_AGGRESSIVE;
				CLANG_CXX_LANGUAGE_STANDARD = "gnu++20";
				CLANG_ENABLE_MODULES = YES;
				CLANG_ENABLE_OBJC_ARC = YES;
				CLANG_ENABLE_OBJC_WEAK = YES;
				CLANG_WARN_BLOCK_CAPTURE_AUTORELEASING = YES;
				CLANG_WARN_BOOL_CONVERSION = YES;
				CLANG_WARN_COMMA = YES;
				CLANG_WARN_CONSTANT_CONVERSION = YES;
				CLANG_WARN_DEPRECATED_OBJC_IMPLEMENTATIONS = YES;
				CLANG_WARN_DIRECT_OBJC_ISA_USAGE = YES_ERROR;
				CLANG_WARN_DOCUMENTATION_COMMENTS = YES;
				CLANG_WARN_EMPTY_BODY = YES;
				CLANG_WARN_ENUM_CONVERSION = YES;
				CLANG_WARN_INFINITE_RECURSION = YES;
				CLANG_WARN_INT_CONVERSION = YES;
				CLANG_WARN_NON_LITERAL_NULL_CONVERSION = YES;
				CLANG_WARN_OBJC_IMPLICIT_RETAIN_SELF = YES;
				CLANG_WARN_OBJC_LITERAL_CONVERSION = YES;
				CLANG_WARN_OBJC_ROOT_CLASS = YES_ERROR;
				CLANG_WARN_QUOTED_INCLUDE_IN_FRAMEWORK_HEADER = YES;
				CLANG_WARN_RANGE_LOOP_ANALYSIS = YES;
				CLANG_WARN_STRICT_PROTOTYPES = YES;
				CLANG_WARN_SUSPICIOUS_MOVE = YES;
				CLANG_WARN_UNGUARDED_AVAILABILITY = YES_AGGRESSIVE;
				CLANG_WARN_UNREACHABLE_CODE = YES;
				CLANG_WARN__DUPLICATE_METHOD_MATCH = YES;
				COPY_PHASE_STRIP = NO;
				DEBUG_INFORMATION_FORMAT = dwarf;
				ENABLE_STRICT_OBJC_MSGSEND = YES;
				ENABLE_TESTABILITY = YES;
				ENABLE_USER_SCRIPT_SANDBOXING = YES;
				GCC_C_LANGUAGE_STANDARD = gnu17;
				GCC_DYNAMIC_NO_PIC = NO;
				GCC_NO_COMMON_BLOCKS = YES;
				GCC_OPTIMIZATION_LEVEL = 0;
				GCC_PREPROCESSOR_DEFINITIONS = (
					"DEBUG=1",
					"$(inherited)",
				);
				GCC_WARN_64_TO_32_BIT_CONVERSION = YES;
				GCC_WARN_ABOUT_RETURN_TYPE = YES_ERROR;
				GCC_WARN_UNDECLARED_SELECTOR = YES;
				GCC_WARN_UNINITIALIZED_AUTOS = YES_AGGRESSIVE;
				GCC_WARN_UNUSED_FUNCTION = YES;
				GCC_WARN_UNUSED_VARIABLE = YES;
				IPHONEOS_DEPLOYMENT_TARGET = 16.6;
				LOCALIZATION_PREFERS_STRING_CATALOGS = YES;
				MTL_ENABLE_DEBUG_INFO = INCLUDE_SOURCE;
				MTL_FAST_MATH = YES;
				ONLY_ACTIVE_ARCH = YES;
				SDKROOT = iphoneos;
				SWIFT_ACTIVE_COMPILATION_CONDITIONS = "DEBUG $(inherited)";
				SWIFT_OPTIMIZATION_LEVEL = "-Onone";
			};
			name = Debug;
		};
		1186581B2DB79C8C00E8DE80 /* Release */ = {
			isa = XCBuildConfiguration;
			buildSettings = {
				ALWAYS_SEARCH_USER_PATHS = NO;
				ASSETCATALOG_COMPILER_GENERATE_SWIFT_ASSET_SYMBOL_EXTENSIONS = YES;
				CLANG_ANALYZER_NONNULL = YES;
				CLANG_ANALYZER_NUMBER_OBJECT_CONVERSION = YES_AGGRESSIVE;
				CLANG_CXX_LANGUAGE_STANDARD = "gnu++20";
				CLANG_ENABLE_MODULES = YES;
				CLANG_ENABLE_OBJC_ARC = YES;
				CLANG_ENABLE_OBJC_WEAK = YES;
				CLANG_WARN_BLOCK_CAPTURE_AUTORELEASING = YES;
				CLANG_WARN_BOOL_CONVERSION = YES;
				CLANG_WARN_COMMA = YES;
				CLANG_WARN_CONSTANT_CONVERSION = YES;
				CLANG_WARN_DEPRECATED_OBJC_IMPLEMENTATIONS = YES;
				CLANG_WARN_DIRECT_OBJC_ISA_USAGE = YES_ERROR;
				CLANG_WARN_DOCUMENTATION_COMMENTS = YES;
				CLANG_WARN_EMPTY_BODY = YES;
				CLANG_WARN_ENUM_CONVERSION = YES;
				CLANG_WARN_INFINITE_RECURSION = YES;
				CLANG_WARN_INT_CONVERSION = YES;
				CLANG_WARN_NON_LITERAL_NULL_CONVERSION = YES;
				CLANG_WARN_OBJC_IMPLICIT_RETAIN_SELF = YES;
				CLANG_WARN_OBJC_LITERAL_CONVERSION = YES;
				CLANG_WARN_OBJC_ROOT_CLASS = YES_ERROR;
				CLANG_WARN_QUOTED_INCLUDE_IN_FRAMEWORK_HEADER = YES;
				CLANG_WARN_RANGE_LOOP_ANALYSIS = YES;
				CLANG_WARN_STRICT_PROTOTYPES = YES;
				CLANG_WARN_SUSPICIOUS_MOVE = YES;
				CLANG_WARN_UNGUARDED_AVAILABILITY = YES_AGGRESSIVE;
				CLANG_WARN_UNREACHABLE_CODE = YES;
				CLANG_WARN__DUPLICATE_METHOD_MATCH = YES;
				COPY_PHASE_STRIP = NO;
				DEBUG_INFORMATION_FORMAT = "dwarf-with-dsym";
				ENABLE_NS_ASSERTIONS = NO;
				ENABLE_STRICT_OBJC_MSGSEND = YES;
				ENABLE_USER_SCRIPT_SANDBOXING = YES;
				GCC_C_LANGUAGE_STANDARD = gnu17;
				GCC_NO_COMMON_BLOCKS = YES;
				GCC_WARN_64_TO_32_BIT_CONVERSION = YES;
				GCC_WARN_ABOUT_RETURN_TYPE = YES_ERROR;
				GCC_WARN_UNDECLARED_SELECTOR = YES;
				GCC_WARN_UNINITIALIZED_AUTOS = YES_AGGRESSIVE;
				GCC_WARN_UNUSED_FUNCTION = YES;
				GCC_WARN_UNUSED_VARIABLE = YES;
				IPHONEOS_DEPLOYMENT_TARGET = 16.6;
				LOCALIZATION_PREFERS_STRING_CATALOGS = YES;
				MTL_ENABLE_DEBUG_INFO = NO;
				MTL_FAST_MATH = YES;
				SDKROOT = iphoneos;
				SWIFT_COMPILATION_MODE = wholemodule;
				VALIDATE_PRODUCT = YES;
			};
			name = Release;
		};
		1186581D2DB79C8C00E8DE80 /* Debug */ = {
			isa = XCBuildConfiguration;
			buildSettings = {
				ASSETCATALOG_COMPILER_APPICON_NAME = AppIcon;
				ASSETCATALOG_COMPILER_GLOBAL_ACCENT_COLOR_NAME = AccentColor;
				CODE_SIGN_STYLE = Automatic;
				CURRENT_PROJECT_VERSION = 1;
				DEVELOPMENT_ASSET_PATHS = "\"FawakihCompanionApp/Preview Content\"";
				DEVELOPMENT_TEAM = A8CTL75PG3;
				ENABLE_PREVIEWS = YES;
				GENERATE_INFOPLIST_FILE = YES;
				INFOPLIST_KEY_UIApplicationSceneManifest_Generation = YES;
				INFOPLIST_KEY_UIApplicationSupportsIndirectInputEvents = YES;
				INFOPLIST_KEY_UILaunchScreen_Generation = YES;
				INFOPLIST_KEY_UISupportedInterfaceOrientations_iPad = "UIInterfaceOrientationPortrait UIInterfaceOrientationPortraitUpsideDown UIInterfaceOrientationLandscapeLeft UIInterfaceOrientationLandscapeRight";
				INFOPLIST_KEY_UISupportedInterfaceOrientations_iPhone = "UIInterfaceOrientationPortrait UIInterfaceOrientationLandscapeLeft UIInterfaceOrientationLandscapeRight";
				IPHONEOS_DEPLOYMENT_TARGET = 16.6;
				LD_RUNPATH_SEARCH_PATHS = (
					"$(inherited)",
					"@executable_path/Frameworks",
				);
				MARKETING_VERSION = 1.0;
				PRODUCT_BUNDLE_IDENTIFIER = Skhan.FawakihCompanionApp;
				PRODUCT_NAME = "$(TARGET_NAME)";
				SWIFT_EMIT_LOC_STRINGS = YES;
				SWIFT_VERSION = 5.0;
				TARGETED_DEVICE_FAMILY = "1,2";
			};
			name = Debug;
		};
		1186581E2DB79C8C00E8DE80 /* Release */ = {
			isa = XCBuildConfiguration;
			buildSettings = {
				ASSETCATALOG_COMPILER_APPICON_NAME = AppIcon;
				ASSETCATALOG_COMPILER_GLOBAL_ACCENT_COLOR_NAME = AccentColor;
				CODE_SIGN_STYLE = Automatic;
				CURRENT_PROJECT_VERSION = 1;
				DEVELOPMENT_ASSET_PATHS = "\"FawakihCompanionApp/Preview Content\"";
				DEVELOPMENT_TEAM = A8CTL75PG3;
				ENABLE_PREVIEWS = YES;
				GENERATE_INFOPLIST_FILE = YES;
				INFOPLIST_KEY_UIApplicationSceneManifest_Generation = YES;
				INFOPLIST_KEY_UIApplicationSupportsIndirectInputEvents = YES;
				INFOPLIST_KEY_UILaunchScreen_Generation = YES;
				INFOPLIST_KEY_UISupportedInterfaceOrientations_iPad = "UIInterfaceOrientationPortrait UIInterfaceOrientationPortraitUpsideDown UIInterfaceOrientationLandscapeLeft UIInterfaceOrientationLandscapeRight";
				INFOPLIST_KEY_UISupportedInterfaceOrientations_iPhone = "UIInterfaceOrientationPortrait UIInterfaceOrientationLandscapeLeft UIInterfaceOrientationLandscapeRight";
				IPHONEOS_DEPLOYMENT_TARGET = 16.6;
				LD_RUNPATH_SEARCH_PATHS = (
					"$(inherited)",
					"@executable_path/Frameworks",
				);
				MARKETING_VERSION = 1.0;
				PRODUCT_BUNDLE_IDENTIFIER = Skhan.FawakihCompanionApp;
				PRODUCT_NAME = "$(TARGET_NAME)";
				SWIFT_EMIT_LOC_STRINGS = YES;
				SWIFT_VERSION = 5.0;
				TARGETED_DEVICE_FAMILY = "1,2";
			};
			name = Release;
		};
		118658202DB79C8C00E8DE80 /* Debug */ = {
			isa = XCBuildConfiguration;
			buildSettings = {
				BUNDLE_LOADER = "$(TEST_HOST)";
				CODE_SIGN_STYLE = Automatic;
				CURRENT_PROJECT_VERSION = 1;
				DEVELOPMENT_TEAM = A8CTL75PG3;
				GENERATE_INFOPLIST_FILE = YES;
				IPHONEOS_DEPLOYMENT_TARGET = 18.1;
				MARKETING_VERSION = 1.0;
				PRODUCT_BUNDLE_IDENTIFIER = Skhan.FawakihCompanionAppTests;
				PRODUCT_NAME = "$(TARGET_NAME)";
				SWIFT_EMIT_LOC_STRINGS = NO;
				SWIFT_VERSION = 5.0;
				TARGETED_DEVICE_FAMILY = "1,2";
				TEST_HOST = "$(BUILT_PRODUCTS_DIR)/FawakihCompanionApp.app/$(BUNDLE_EXECUTABLE_FOLDER_PATH)/FawakihCompanionApp";
			};
			name = Debug;
		};
		118658212DB79C8C00E8DE80 /* Release */ = {
			isa = XCBuildConfiguration;
			buildSettings = {
				BUNDLE_LOADER = "$(TEST_HOST)";
				CODE_SIGN_STYLE = Automatic;
				CURRENT_PROJECT_VERSION = 1;
				DEVELOPMENT_TEAM = A8CTL75PG3;
				GENERATE_INFOPLIST_FILE = YES;
				IPHONEOS_DEPLOYMENT_TARGET = 18.1;
				MARKETING_VERSION = 1.0;
				PRODUCT_BUNDLE_IDENTIFIER = Skhan.FawakihCompanionAppTests;
				PRODUCT_NAME = "$(TARGET_NAME)";
				SWIFT_EMIT_LOC_STRINGS = NO;
				SWIFT_VERSION = 5.0;
				TARGETED_DEVICE_FAMILY = "1,2";
				TEST_HOST = "$(BUILT_PRODUCTS_DIR)/FawakihCompanionApp.app/$(BUNDLE_EXECUTABLE_FOLDER_PATH)/FawakihCompanionApp";
			};
			name = Release;
		};
		118658232DB79C8C00E8DE80 /* Debug */ = {
			isa = XCBuildConfiguration;
			buildSettings = {
				CODE_SIGN_STYLE = Automatic;
				CURRENT_PROJECT_VERSION = 1;
				DEVELOPMENT_TEAM = A8CTL75PG3;
				GENERATE_INFOPLIST_FILE = YES;
				MARKETING_VERSION = 1.0;
				PRODUCT_BUNDLE_IDENTIFIER = Skhan.FawakihCompanionAppUITests;
				PRODUCT_NAME = "$(TARGET_NAME)";
				SWIFT_EMIT_LOC_STRINGS = NO;
				SWIFT_VERSION = 5.0;
				TARGETED_DEVICE_FAMILY = "1,2";
				TEST_TARGET_NAME = FawakihCompanionApp;
			};
			name = Debug;
		};
		118658242DB79C8C00E8DE80 /* Release */ = {
			isa = XCBuildConfiguration;
			buildSettings = {
				CODE_SIGN_STYLE = Automatic;
				CURRENT_PROJECT_VERSION = 1;
				DEVELOPMENT_TEAM = A8CTL75PG3;
				GENERATE_INFOPLIST_FILE = YES;
				MARKETING_VERSION = 1.0;
				PRODUCT_BUNDLE_IDENTIFIER = Skhan.FawakihCompanionAppUITests;
				PRODUCT_NAME = "$(TARGET_NAME)";
				SWIFT_EMIT_LOC_STRINGS = NO;
				SWIFT_VERSION = 5.0;
				TARGETED_DEVICE_FAMILY = "1,2";
				TEST_TARGET_NAME = FawakihCompanionApp;
			};
			name = Release;
		};
/* End XCBuildConfiguration section */

/* Begin XCConfigurationList section */
		118657EE2DB79C8A00E8DE80 /* Build configuration list for PBXProject "FawakihCompanionApp" */ = {
			isa = XCConfigurationList;
			buildConfigurations = (
				1186581A2DB79C8C00E8DE80 /* Debug */,
				1186581B2DB79C8C00E8DE80 /* Release */,
			);
			defaultConfigurationIsVisible = 0;
			defaultConfigurationName = Release;
		};
		1186581C2DB79C8C00E8DE80 /* Build configuration list for PBXNativeTarget "FawakihCompanionApp" */ = {
			isa = XCConfigurationList;
			buildConfigurations = (
				1186581D2DB79C8C00E8DE80 /* Debug */,
				1186581E2DB79C8C00E8DE80 /* Release */,
			);
			defaultConfigurationIsVisible = 0;
			defaultConfigurationName = Release;
		};
		1186581F2DB79C8C00E8DE80 /* Build configuration list for PBXNativeTarget "FawakihCompanionAppTests" */ = {
			isa = XCConfigurationList;
			buildConfigurations = (
				118658202DB79C8C00E8DE80 /* Debug */,
				118658212DB79C8C00E8DE80 /* Release */,
			);
			defaultConfigurationIsVisible = 0;
			defaultConfigurationName = Release;
		};
		118658222DB79C8C00E8DE80 /* Build configuration list for PBXNativeTarget "FawakihCompanionAppUITests" */ = {
			isa = XCConfigurationList;
			buildConfigurations = (
				118658232DB79C8C00E8DE80 /* Debug */,
				118658242DB79C8C00E8DE80 /* Release */,
			);
			defaultConfigurationIsVisible = 0;
			defaultConfigurationName = Release;
		};
/* End XCConfigurationList section */
	};
	rootObject = 118657EB2DB79C8A00E8DE80 /* Project object */;
}
